# THIS IS AN AUTOGENERATED FILE. DO NOT EDIT THIS FILE DIRECTLY.
# yarn lockfile v1


"@openzeppelin/contracts@^3.2.0":
  version "3.2.0"
  resolved "https://registry.yarnpkg.com/@openzeppelin/contracts/-/contracts-3.2.0.tgz#3e6b3a7662d8ed64271ade96ef42655db983fd9d"
  integrity sha512-bUOmkSoPkjnUyMiKo6RYnb0VHBk5D9KKDAgNLzF41aqAM3TeE0yGdFF5dVRcV60pZdJLlyFT/jjXIZCWyyEzAQ==

"@uniswap/lib@^1.1.4":
  version "1.1.4"
  resolved "https://registry.yarnpkg.com/@uniswap/lib/-/lib-1.1.4.tgz#85100cddcdb61e0b7eae9b8e9e21525e147c47f3"
  integrity sha512-5una/3a2dPzPN0moDBsa9LfTxCjZjEiLEkN75wjwplmDU4oFqneVAzVA3Heq+DadEk3k17cszAbSMcaIu7hLfg==

"@uniswap/v2-core@^1.0.1":
  version "1.0.1"
  resolved "https://registry.yarnpkg.com/@uniswap/v2-core/-/v2-core-1.0.1.tgz#af8f508bf183204779938969e2e54043e147d425"
  integrity sha512-MtybtkUPSyysqLY2U210NBDeCHX+ltHt3oADGdjqoThZaFRDKwM6k1Nb3F0A3hk5hwuQvytFWhrWHOEq6nVJ8Q==
